github.com/zzl/go-com v1.5.0 h1:ANiyOsvP1XfUugoZBIvCbvqh+Ns1DLSJ9lBF1zgHSak=
github.com/zzl/go-com v1.5.0/go.mod h1:Q0gh9d2jtlY//GbUXVPD+dzc0te32p3cetGM6am2Ooo=
github.com/zzl/go-win32api/v2 v2.1.0 h1:BwXsEl3iycRhG4lpe3JsnNACyQH/U7RTBhJwyCaIB/g=
github.com/zzl/go-win32api/v2 v2.1.0/go.mod h1:doi6ewHPdh9tDmqe837Ro7IwqtB9yE+1fC8suK/Ssj0=
golang.org/x/sys v0.0.0-20220330033206-e17cdc41300f h1:rlezHXNlxYWvBCzNses9Dlc7nGFaNMJeqLolcmQSSZY=
golang.org/x/sys v0.0.0-20220330033206-e17cdc41300f/go.mod h1:oPkhp1MJrh7nUepCBck5+mAzfO9JrbApNNgaTdGDITg=
